
Microsoft Visual Studio Solution File, Format Version 12.00
# Visual Studio 15
VisualStudioVersion = 15.0.27703.2035
MinimumVisualStudioVersion = 10.0.40219.1
Project("{FAE04EC0-301F-11D3-BF4B-00C04F79EFBC}") = "OddNums", "OddNums\OddNums.csproj", "{875A58B4-F2B5-4F72-8CEC-D97DC1D1460E}"
EndProject
Global
	GlobalSection(SolutionConfigurationPlatforms) = preSolution
		Debug|Any CPU = Debug|Any CPU
		Release|Any CPU = Release|Any CPU
	EndGlobalSection
	GlobalSection(ProjectConfigurationPlatforms) = postSolution
		{875A58B4-F2B5-4F72-8CEC-D97DC1D1460E}.Debug|Any CPU.ActiveCfg = Debug|Any CPU
		{875A58B4-F2B5-4F72-8CEC-D97DC1D1460E}.Debug|Any CPU.Build.0 = Debug|Any CPU
		{875A58B4-F2B5-4F72-8CEC-D97DC1D1460E}.Release|Any CPU.ActiveCfg = Release|Any CPU
		{875A58B4-F2B5-4F72-8CEC-D97DC1D1460E}.Release|Any CPU.Build.0 = Release|Any CPU
	EndGlobalSection
	GlobalSection(SolutionProperties) = preSolution
		HideSolutionNode = FALSE
	EndGlobalSection
	GlobalSection(ExtensibilityGlobals) = postSolution
		SolutionGuid = {DD48D45F-1D59-4771-997D-CCEF07FED9E0}
	EndGlobalSection
EndGlobal
