
Microsoft Visual Studio Solution File, Format Version 12.00
# Visual Studio 15
VisualStudioVersion = 15.0.27703.2035
MinimumVisualStudioVersion = 10.0.40219.1
Project("{FAE04EC0-301F-11D3-BF4B-00C04F79EFBC}") = "TestScores", "TestScores\TestScores.csproj", "{B3BE956E-2440-41CD-A64C-88DC0BA58764}"
EndProject
Global
	GlobalSection(SolutionConfigurationPlatforms) = preSolution
		Debug|Any CPU = Debug|Any CPU
		Release|Any CPU = Release|Any CPU
	EndGlobalSection
	GlobalSection(ProjectConfigurationPlatforms) = postSolution
		{B3BE956E-2440-41CD-A64C-88DC0BA58764}.Debug|Any CPU.ActiveCfg = Debug|Any CPU
		{B3BE956E-2440-41CD-A64C-88DC0BA58764}.Debug|Any CPU.Build.0 = Debug|Any CPU
		{B3BE956E-2440-41CD-A64C-88DC0BA58764}.Release|Any CPU.ActiveCfg = Release|Any CPU
		{B3BE956E-2440-41CD-A64C-88DC0BA58764}.Release|Any CPU.Build.0 = Release|Any CPU
	EndGlobalSection
	GlobalSection(SolutionProperties) = preSolution
		HideSolutionNode = FALSE
	EndGlobalSection
	GlobalSection(ExtensibilityGlobals) = postSolution
		SolutionGuid = {7FC96873-1DE8-419F-AD05-D243DE488792}
	EndGlobalSection
EndGlobal
